// !$*UTF8*$!
{
	archiveVersion = 1;
	classes = {
	};
	objectVersion = 46;
	objects = {

/* Begin PBXBuildFile section */
		C23AE35C1B3BFF470081770F /* GifView.m in Sources */ = {isa = PBXBuildFile; fileRef = C23AE35B1B3BFF470081770F /* GifView.m */; };
		C274AD041B3CF4410074BFB1 /* Person.m in Sources */ = {isa = PBXBuildFile; fileRef = C274AD031B3CF4410074BFB1 /* Person.m */; };
		C2D458981B3BABD600B937A1 /* main.m in Sources */ = {isa = PBXBuildFile; fileRef = C2D458971B3BABD600B937A1 /* main.m */; };
		C2D4589B1B3BABD600B937A1 /* AppDelegate.m in Sources */ = {isa = PBXBuildFile; fileRef = C2D4589A1B3BABD600B937A1 /* AppDelegate.m */; };
		C2D4589D1B3BABD600B937A1 /* Images.xcassets in Resources */ = {isa = PBXBuildFile; fileRef = C2D4589C1B3BABD600B937A1 /* Images.xcassets */; };
		C2D458A01B3BABD600B937A1 /* LaunchScreen.xib in Resources */ = {isa = PBXBuildFile; fileRef = C2D4589E1B3BABD600B937A1 /* LaunchScreen.xib */; };
		C2D458AC1B3BABD700B937A1 /* TestGIFPlayTests.m in Sources */ = {isa = PBXBuildFile; fileRef = C2D458AB1B3BABD700B937A1 /* TestGIFPlayTests.m */; };
		C2D458B71B3BAC1000B937A1 /* ViewController.m in Sources */ = {isa = PBXBuildFile; fileRef = C2D458B61B3BAC1000B937A1 /* ViewController.m */; };
/* End PBXBuildFile section */

/* Begin PBXContainerItemProxy section */
		C2D458A61B3BABD600B937A1 /* PBXContainerItemProxy */ = {
			isa = PBXContainerItemProxy;
			containerPortal = C2D4588A1B3BABD500B937A1 /* Project object */;
			proxyType = 1;
			remoteGlobalIDString = C2D458911B3BABD600B937A1;
			remoteInfo = TestGIFPlay;
		};
/* End PBXContainerItemProxy section */

/* Begin PBXFileReference section */
		C23AE35A1B3BFF470081770F /* GifView.h */ = {isa = PBXFileReference; fileEncoding = 4; lastKnownFileType = sourcecode.c.h; path = GifView.h; sourceTree = "<group>"; };
		C23AE35B1B3BFF470081770F /* GifView.m */ = {isa = PBXFileReference; fileEncoding = 4; lastKnownFileType = sourcecode.c.objc; path = GifView.m; sourceTree = "<group>"; };
		C274AD021B3CF4410074BFB1 /* Person.h */ = {isa = PBXFileReference; fileEncoding = 4; lastKnownFileType = sourcecode.c.h; path = Person.h; sourceTree = "<group>"; };
		C274AD031B3CF4410074BFB1 /* Person.m */ = {isa = PBXFileReference; fileEncoding = 4; lastKnownFileType = sourcecode.c.objc; path = Person.m; sourceTree = "<group>"; };
		C2D458921B3BABD600B937A1 /* TestGIFPlay.app */ = {isa = PBXFileReference; explicitFileType = wrapper.application; includeInIndex = 0; path = TestGIFPlay.app; sourceTree = BUILT_PRODUCTS_DIR; };
		C2D458961B3BABD600B937A1 /* Info.plist */ = {isa = PBXFileReference; lastKnownFileType = text.plist.xml; path = Info.plist; sourceTree = "<group>"; };
		C2D458971B3BABD600B937A1 /* main.m */ = {isa = PBXFileReference; lastKnownFileType = sourcecode.c.objc; path = main.m; sourceTree = "<group>"; };
		C2D458991B3BABD600B937A1 /* AppDelegate.h */ = {isa = PBXFileReference; lastKnownFileType = sourcecode.c.h; path = AppDelegate.h; sourceTree = "<group>"; };
		C2D4589A1B3BABD600B937A1 /* AppDelegate.m */ = {isa = PBXFileReference; lastKnownFileType = sourcecode.c.objc; path = AppDelegate.m; sourceTree = "<group>"; };
		C2D4589C1B3BABD600B937A1 /* Images.xcassets */ = {isa = PBXFileReference; lastKnownFileType = folder.assetcatalog; path = Images.xcassets; sourceTree = "<group>"; };
		C2D4589F1B3BABD600B937A1 /* Base */ = {isa = PBXFileReference; lastKnownFileType = file.xib; name = Base; path = Base.lproj/LaunchScreen.xib; sourceTree = "<group>"; };
		C2D458A51B3BABD600B937A1 /* TestGIFPlayTests.xctest */ = {isa = PBXFileReference; explicitFileType = wrapper.cfbundle; includeInIndex = 0; path = TestGIFPlayTests.xctest; sourceTree = BUILT_PRODUCTS_DIR; };
		C2D458AA1B3BABD700B937A1 /* Info.plist */ = {isa = PBXFileReference; lastKnownFileType = text.plist.xml; path = Info.plist; sourceTree = "<group>"; };
		C2D458AB1B3BABD700B937A1 /* TestGIFPlayTests.m */ = {isa = PBXFileReference; lastKnownFileType = sourcecode.c.objc; path = TestGIFPlayTests.m; sourceTree = "<group>"; };
		C2D458B51B3BAC1000B937A1 /* ViewController.h */ = {isa = PBXFileReference; fileEncoding = 4; lastKnownFileType = sourcecode.c.h; path = ViewController.h; sourceTree = "<group>"; };
		C2D458B61B3BAC1000B937A1 /* ViewController.m */ = {isa = PBXFileReference; fileEncoding = 4; lastKnownFileType = sourcecode.c.objc; path = ViewController.m; sourceTree = "<group>"; };
/* End PBXFileReference section */

/* Begin PBXFrameworksBuildPhase section */
		C2D4588F1B3BABD600B937A1 /* Frameworks */ = {
			isa = PBXFrameworksBuildPhase;
			buildActionMask = 2147483647;
			files = (
			);
			runOnlyForDeploymentPostprocessing = 0;
		};
		C2D458A21B3BABD600B937A1 /* Frameworks */ = {
			isa = PBXFrameworksBuildPhase;
			buildActionMask = 2147483647;
			files = (
			);
			runOnlyForDeploymentPostprocessing = 0;
		};
/* End PBXFrameworksBuildPhase section */

/* Begin PBXGroup section */
		C2D458891B3BABD500B937A1 = {
			isa = PBXGroup;
			children = (
				C2D458941B3BABD600B937A1 /* TestGIFPlay */,
				C2D458A81B3BABD600B937A1 /* TestGIFPlayTests */,
				C2D458931B3BABD600B937A1 /* Products */,
			);
			sourceTree = "<group>";
		};
		C2D458931B3BABD600B937A1 /* Products */ = {
			isa = PBXGroup;
			children = (
				C2D458921B3BABD600B937A1 /* TestGIFPlay.app */,
				C2D458A51B3BABD600B937A1 /* TestGIFPlayTests.xctest */,
			);
			name = Products;
			sourceTree = "<group>";
		};
		C2D458941B3BABD600B937A1 /* TestGIFPlay */ = {
			isa = PBXGroup;
			children = (
				C2D458991B3BABD600B937A1 /* AppDelegate.h */,
				C2D4589A1B3BABD600B937A1 /* AppDelegate.m */,
				C2D458B51B3BAC1000B937A1 /* ViewController.h */,
				C2D458B61B3BAC1000B937A1 /* ViewController.m */,
				C23AE35A1B3BFF470081770F /* GifView.h */,
				C274AD021B3CF4410074BFB1 /* Person.h */,
				C274AD031B3CF4410074BFB1 /* Person.m */,
				C23AE35B1B3BFF470081770F /* GifView.m */,
				C2D4589C1B3BABD600B937A1 /* Images.xcassets */,
				C2D4589E1B3BABD600B937A1 /* LaunchScreen.xib */,
				C2D458951B3BABD600B937A1 /* Supporting Files */,
			);
			path = TestGIFPlay;
			sourceTree = "<group>";
		};
		C2D458951B3BABD600B937A1 /* Supporting Files */ = {
			isa = PBXGroup;
			children = (
				C2D458961B3BABD600B937A1 /* Info.plist */,
				C2D458971B3BABD600B937A1 /* main.m */,
			);
			name = "Supporting Files";
			sourceTree = "<group>";
		};
		C2D458A81B3BABD600B937A1 /* TestGIFPlayTests */ = {
			isa = PBXGroup;
			children = (
				C2D458AB1B3BABD700B937A1 /* TestGIFPlayTests.m */,
				C2D458A91B3BABD700B937A1 /* Supporting Files */,
			);
			path = TestGIFPlayTests;
			sourceTree = "<group>";
		};
		C2D458A91B3BABD700B937A1 /* Supporting Files */ = {
			isa = PBXGroup;
			children = (
				C2D458AA1B3BABD700B937A1 /* Info.plist */,
			);
			name = "Supporting Files";
			sourceTree = "<group>";
		};
/* End PBXGroup section */

/* Begin PBXNativeTarget section */
		C2D458911B3BABD600B937A1 /* TestGIFPlay */ = {
			isa = PBXNativeTarget;
			buildConfigurationList = C2D458AF1B3BABD700B937A1 /* Build configuration list for PBXNativeTarget "TestGIFPlay" */;
			buildPhases = (
				C2D4588E1B3BABD600B937A1 /* Sources */,
				C2D4588F1B3BABD600B937A1 /* Frameworks */,
				C2D458901B3BABD600B937A1 /* Resources */,
			);
			buildRules = (
			);
			dependencies = (
			);
			name = TestGIFPlay;
			productName = TestGIFPlay;
			productReference = C2D458921B3BABD600B937A1 /* TestGIFPlay.app */;
			productType = "com.apple.product-type.application";
		};
		C2D458A41B3BABD600B937A1 /* TestGIFPlayTests */ = {
			isa = PBXNativeTarget;
			buildConfigurationList = C2D458B21B3BABD700B937A1 /* Build configuration list for PBXNativeTarget "TestGIFPlayTests" */;
			buildPhases = (
				C2D458A11B3BABD600B937A1 /* Sources */,
				C2D458A21B3BABD600B937A1 /* Frameworks */,
				C2D458A31B3BABD600B937A1 /* Resources */,
			);
			buildRules = (
			);
			dependencies = (
				C2D458A71B3BABD600B937A1 /* PBXTargetDependency */,
			);
			name = TestGIFPlayTests;
			productName = TestGIFPlayTests;
			productReference = C2D458A51B3BABD600B937A1 /* TestGIFPlayTests.xctest */;
			productType = "com.apple.product-type.bundle.unit-test";
		};
/* End PBXNativeTarget section */

/* Begin PBXProject section */
		C2D4588A1B3BABD500B937A1 /* Project object */ = {
			isa = PBXProject;
			attributes = {
				LastUpgradeCheck = 0600;
				ORGANIZATIONNAME = "Qi Junbao";
				TargetAttributes = {
					C2D458911B3BABD600B937A1 = {
						CreatedOnToolsVersion = 6.0.1;
					};
					C2D458A41B3BABD600B937A1 = {
						CreatedOnToolsVersion = 6.0.1;
						TestTargetID = C2D458911B3BABD600B937A1;
					};
				};
			};
			buildConfigurationList = C2D4588D1B3BABD500B937A1 /* Build configuration list for PBXProject "TestGIFPlay" */;
			compatibilityVersion = "Xcode 3.2";
			developmentRegion = English;
			hasScannedForEncodings = 0;
			knownRegions = (
				en,
				Base,
			);
			mainGroup = C2D458891B3BABD500B937A1;
			productRefGroup = C2D458931B3BABD600B937A1 /* Products */;
			projectDirPath = "";
			projectRoot = "";
			targets = (
				C2D458911B3BABD600B937A1 /* TestGIFPlay */,
				C2D458A41B3BABD600B937A1 /* TestGIFPlayTests */,
			);
		};
/* End PBXProject section */

/* Begin PBXResourcesBuildPhase section */
		C2D458901B3BABD600B937A1 /* Resources */ = {
			isa = PBXResourcesBuildPhase;
			buildActionMask = 2147483647;
			files = (
				C2D458A01B3BABD600B937A1 /* LaunchScreen.xib in Resources */,
				C2D4589D1B3BABD600B937A1 /* Images.xcassets in Resources */,
			);
			runOnlyForDeploymentPostprocessing = 0;
		};
		C2D458A31B3BABD600B937A1 /* Resources */ = {
			isa = PBXResourcesBuildPhase;
			buildActionMask = 2147483647;
			files = (
			);
			runOnlyForDeploymentPostprocessing = 0;
		};
/* End PBXResourcesBuildPhase section */

/* Begin PBXSourcesBuildPhase section */
		C2D4588E1B3BABD600B937A1 /* Sources */ = {
			isa = PBXSourcesBuildPhase;
			buildActionMask = 2147483647;
			files = (
				C2D458B71B3BAC1000B937A1 /* ViewController.m in Sources */,
				C23AE35C1B3BFF470081770F /* GifView.m in Sources */,
				C274AD041B3CF4410074BFB1 /* Person.m in Sources */,
				C2D4589B1B3BABD600B937A1 /* AppDelegate.m in Sources */,
				C2D458981B3BABD600B937A1 /* main.m in Sources */,
			);
			runOnlyForDeploymentPostprocessing = 0;
		};
		C2D458A11B3BABD600B937A1 /* Sources */ = {
			isa = PBXSourcesBuildPhase;
			buildActionMask = 2147483647;
			files = (
				C2D458AC1B3BABD700B937A1 /* TestGIFPlayTests.m in Sources */,
			);
			runOnlyForDeploymentPostprocessing = 0;
		};
/* End PBXSourcesBuildPhase section */

/* Begin PBXTargetDependency section */
		C2D458A71B3BABD600B937A1 /* PBXTargetDependency */ = {
			isa = PBXTargetDependency;
			target = C2D458911B3BABD600B937A1 /* TestGIFPlay */;
			targetProxy = C2D458A61B3BABD600B937A1 /* PBXContainerItemProxy */;
		};
/* End PBXTargetDependency section */

/* Begin PBXVariantGroup section */
		C2D4589E1B3BABD600B937A1 /* LaunchScreen.xib */ = {
			isa = PBXVariantGroup;
			children = (
				C2D4589F1B3BABD600B937A1 /* Base */,
			);
			name = LaunchScreen.xib;
			sourceTree = "<group>";
		};
/* End PBXVariantGroup section */

/* Begin XCBuildConfiguration section */
		C2D458AD1B3BABD700B937A1 /* Debug */ = {
			isa = XCBuildConfiguration;
			buildSettings = {
				ALWAYS_SEARCH_USER_PATHS = NO;
				CLANG_CXX_LANGUAGE_STANDARD = "gnu++0x";
				CLANG_CXX_LIBRARY = "libc++";
				CLANG_ENABLE_MODULES = YES;
				CLANG_ENABLE_OBJC_ARC = NO;
				CLANG_WARN_BOOL_CONVERSION = YES;
				CLANG_WARN_CONSTANT_CONVERSION = YES;
				CLANG_WARN_DIRECT_OBJC_ISA_USAGE = YES_ERROR;
				CLANG_WARN_EMPTY_BODY = YES;
				CLANG_WARN_ENUM_CONVERSION = YES;
				CLANG_WARN_INT_CONVERSION = YES;
				CLANG_WARN_OBJC_ROOT_CLASS = YES_ERROR;
				CLANG_WARN_UNREACHABLE_CODE = YES;
				CLANG_WARN__DUPLICATE_METHOD_MATCH = YES;
				"CODE_SIGN_IDENTITY[sdk=iphoneos*]" = "iPhone Developer";
				COPY_PHASE_STRIP = NO;
				ENABLE_STRICT_OBJC_MSGSEND = YES;
				GCC_C_LANGUAGE_STANDARD = gnu99;
				GCC_DYNAMIC_NO_PIC = NO;
				GCC_OPTIMIZATION_LEVEL = 0;
				GCC_PREPROCESSOR_DEFINITIONS = (
					"DEBUG=1",
					"$(inherited)",
				);
				GCC_SYMBOLS_PRIVATE_EXTERN = NO;
				GCC_WARN_64_TO_32_BIT_CONVERSION = YES;
				GCC_WARN_ABOUT_RETURN_TYPE = YES_ERROR;
				GCC_WARN_UNDECLARED_SELECTOR = YES;
				GCC_WARN_UNINITIALIZED_AUTOS = YES_AGGRESSIVE;
				GCC_WARN_UNUSED_FUNCTION = YES;
				GCC_WARN_UNUSED_VARIABLE = YES;
				IPHONEOS_DEPLOYMENT_TARGET = 8.0;
				MTL_ENABLE_DEBUG_INFO = YES;
				ONLY_ACTIVE_ARCH = YES;
				SDKROOT = iphoneos;
				TARGETED_DEVICE_FAMILY = "1,2";
			};
			name = Debug;
		};
		C2D458AE1B3BABD700B937A1 /* Release */ = {
			isa = XCBuildConfiguration;
			buildSettings = {
				ALWAYS_SEARCH_USER_PATHS = NO;
				CLANG_CXX_LANGUAGE_STANDARD = "gnu++0x";
				CLANG_CXX_LIBRARY = "libc++";
				CLANG_ENABLE_MODULES = YES;
				CLANG_ENABLE_OBJC_ARC = NO;
				CLANG_WARN_BOOL_CONVERSION = YES;
				CLANG_WARN_CONSTANT_CONVERSION = YES;
				CLANG_WARN_DIRECT_OBJC_ISA_USAGE = YES_ERROR;
				CLANG_WARN_EMPTY_BODY = YES;
				CLANG_WARN_ENUM_CONVERSION = YES;
				CLANG_WARN_INT_CONVERSION = YES;
				CLANG_WARN_OBJC_ROOT_CLASS = YES_ERROR;
				CLANG_WARN_UNREACHABLE_CODE = YES;
				CLANG_WARN__DUPLICATE_METHOD_MATCH = YES;
				"CODE_SIGN_IDENTITY[sdk=iphoneos*]" = "iPhone Developer";
				COPY_PHASE_STRIP = YES;
				ENABLE_NS_ASSERTIONS = NO;
				ENABLE_STRICT_OBJC_MSGSEND = YES;
				GCC_C_LANGUAGE_STANDARD = gnu99;
				GCC_WARN_64_TO_32_BIT_CONVERSION = YES;
				GCC_WARN_ABOUT_RETURN_TYPE = YES_ERROR;
				GCC_WARN_UNDECLARED_SELECTOR = YES;
				GCC_WARN_UNINITIALIZED_AUTOS = YES_AGGRESSIVE;
				GCC_WARN_UNUSED_FUNCTION = YES;
				GCC_WARN_UNUSED_VARIABLE = YES;
				IPHONEOS_DEPLOYMENT_TARGET = 8.0;
				MTL_ENABLE_DEBUG_INFO = NO;
				SDKROOT = iphoneos;
				TARGETED_DEVICE_FAMILY = "1,2";
				VALIDATE_PRODUCT = YES;
			};
			name = Release;
		};
		C2D458B01B3BABD700B937A1 /* Debug */ = {
			isa = XCBuildConfiguration;
			buildSettings = {
				ASSETCATALOG_COMPILER_APPICON_NAME = AppIcon;
				INFOPLIST_FILE = TestGIFPlay/Info.plist;
				LD_RUNPATH_SEARCH_PATHS = "$(inherited) @executable_path/Frameworks";
				PRODUCT_NAME = "$(TARGET_NAME)";
			};
			name = Debug;
		};
		C2D458B11B3BABD700B937A1 /* Release */ = {
			isa = XCBuildConfiguration;
			buildSettings = {
				ASSETCATALOG_COMPILER_APPICON_NAME = AppIcon;
				INFOPLIST_FILE = TestGIFPlay/Info.plist;
				LD_RUNPATH_SEARCH_PATHS = "$(inherited) @executable_path/Frameworks";
				PRODUCT_NAME = "$(TARGET_NAME)";
			};
			name = Release;
		};
		C2D458B31B3BABD700B937A1 /* Debug */ = {
			isa = XCBuildConfiguration;
			buildSettings = {
				BUNDLE_LOADER = "$(TEST_HOST)";
				FRAMEWORK_SEARCH_PATHS = (
					"$(SDKROOT)/Developer/Library/Frameworks",
					"$(inherited)",
				);
				GCC_PREPROCESSOR_DEFINITIONS = (
					"DEBUG=1",
					"$(inherited)",
				);
				INFOPLIST_FILE = TestGIFPlayTests/Info.plist;
				LD_RUNPATH_SEARCH_PATHS = "$(inherited) @executable_path/Frameworks @loader_path/Frameworks";
				PRODUCT_NAME = "$(TARGET_NAME)";
				TEST_HOST = "$(BUILT_PRODUCTS_DIR)/TestGIFPlay.app/TestGIFPlay";
			};
			name = Debug;
		};
		C2D458B41B3BABD700B937A1 /* Release */ = {
			isa = XCBuildConfiguration;
			buildSettings = {
				BUNDLE_LOADER = "$(TEST_HOST)";
				FRAMEWORK_SEARCH_PATHS = (
					"$(SDKROOT)/Developer/Library/Frameworks",
					"$(inherited)",
				);
				INFOPLIST_FILE = TestGIFPlayTests/Info.plist;
				LD_RUNPATH_SEARCH_PATHS = "$(inherited) @executable_path/Frameworks @loader_path/Frameworks";
				PRODUCT_NAME = "$(TARGET_NAME)";
				TEST_HOST = "$(BUILT_PRODUCTS_DIR)/TestGIFPlay.app/TestGIFPlay";
			};
			name = Release;
		};
/* End XCBuildConfiguration section */

/* Begin XCConfigurationList section */
		C2D4588D1B3BABD500B937A1 /* Build configuration list for PBXProject "TestGIFPlay" */ = {
			isa = XCConfigurationList;
			buildConfigurations = (
				C2D458AD1B3BABD700B937A1 /* Debug */,
				C2D458AE1B3BABD700B937A1 /* Release */,
			);
			defaultConfigurationIsVisible = 0;
			defaultConfigurationName = Release;
		};
		C2D458AF1B3BABD700B937A1 /* Build configuration list for PBXNativeTarget "TestGIFPlay" */ = {
			isa = XCConfigurationList;
			buildConfigurations = (
				C2D458B01B3BABD700B937A1 /* Debug */,
				C2D458B11B3BABD700B937A1 /* Release */,
			);
			defaultConfigurationIsVisible = 0;
			defaultConfigurationName = Release;
		};
		C2D458B21B3BABD700B937A1 /* Build configuration list for PBXNativeTarget "TestGIFPlayTests" */ = {
			isa = XCConfigurationList;
			buildConfigurations = (
				C2D458B31B3BABD700B937A1 /* Debug */,
				C2D458B41B3BABD700B937A1 /* Release */,
			);
			defaultConfigurationIsVisible = 0;
			defaultConfigurationName = Release;
		};
/* End XCConfigurationList section */
	};
	rootObject = C2D4588A1B3BABD500B937A1 /* Project object */;
}
